{
  "lockfileVersion": 1,
  "configVersion": 1,
  "workspaces": {
    "": {
      "name": "carbon-ai",
      "devDependencies": {
        "@types/bun": "latest",
        "typescript": "^5.9.2",
      },
    },
    "apps/gateway": {
      "name": "@carbon-ai/gateway",
      "version": "0.0.1",
      "dependencies": {
        "@carbon-ai/config": "workspace:*",
        "@carbon-ai/db": "workspace:*",
        "@carbon-ai/protocol": "workspace:*",
        "hono": "^4.9.8",
      },
    },
    "packages/config": {
      "name": "@carbon-ai/config",
      "version": "0.0.1",
      "dependencies": {
        "smol-toml": "^1.4.2",
      },
    },
    "packages/db": {
      "name": "@carbon-ai/db",
      "version": "0.0.1",
    },
    "packages/protocol": {
      "name": "@carbon-ai/protocol",
      "version": "0.0.1",
    },
  },
  "packages": {
    "@carbon-ai/config": ["@carbon-ai/config@workspace:packages/config"],

    "@carbon-ai/db": ["@carbon-ai/db@workspace:packages/db"],

    "@carbon-ai/gateway": ["@carbon-ai/gateway@workspace:apps/gateway"],

    "@carbon-ai/protocol": ["@carbon-ai/protocol@workspace:packages/protocol"],

    "@types/bun": ["@types/bun@1.4.0", "", { "dependencies": { "bun-types": "1.4.0" } }, "sha512-K+lZULY23vRgK/CfTjFIV+tyifaNdSMlPh9j+6mQ/cLfpOznLyAuzgV/JQysyECpkBQLVMSyvjlr2fBUSA9wFQ=="],

    "@types/node": ["@types/node@26.2.0", "", { "dependencies": { "undici-types": "~8.3.0" } }, "sha512-5IviulTZeRNp2vAJ514cc/HUlY5nZ9fCbq9DMyC52BrhFZACo3nI0R7qBxhQmo/d27NFe96ur/b7Wwxklda+kg=="],

    "bun-types": ["bun-types@1.4.0", "", { "dependencies": { "@types/node": "*" } }, "sha512-iIKw23BspnQQYd3prITOBxeUsxBHnwzX6YJfGMuNOZzeNcMmVqzIIVGRm1l69ogaPQmb4wB6BN8mA5bE9YuC5Q=="],

    "hono": ["hono@4.13.3", "", {}, "sha512-r8AO2mYHoLxSHkgafNeC/BXyb2vWRxD3jem4Ts+ptav8oTG5FIRifAjuJEmZI4bSvvc2ns0GxmIYiZnHqN3mMw=="],

    "smol-toml": ["smol-toml@1.8.0", "", {}, "sha512-kCZr2V3ch9i00x8zXRhjUNVcjG9ijES5dDudkXvUVCT5QlJNQWElSJdZqyPemffHoLNUYwOcou0Fy+ojN0uHSQ=="],

    "typescript": ["typescript@5.9.3", "", { "bin": { "tsc": "bin/tsc", "tsserver": "bin/tsserver" } }, "sha512-jl1vZzPDinLr9eUt3J/t7V6FgNEw9QjvBPdysz9KfQDD41fQrC2Y4vKQdiaUpFT4bXlb1RHhLpp8wtm6M5TgSw=="],

    "undici-types": ["undici-types@8.3.0", "", {}, "sha512-j375ScV60dom+YkPFIfTLcOiPxkN/buHz5GobjLhixFuANaNs3C9l4GmrWqejgXWJ7BbJcFYpTEUkS1Ge8bpZQ=="],
  }
}
